
Microsoft Visual Studio Solution File, Format Version 12.00
# Visual Studio Version 16
VisualStudioVersion = 16.0.29728.190
MinimumVisualStudioVersion = 10.0.40219.1
Project("{FAE04EC0-301F-11D3-BF4B-00C04F79EFBC}") = "Pfe", "Pfe\Pfe.csproj", "{3407B28A-0028-4A05-9428-925783F1CCF6}"
EndProject
Global
	GlobalSection(SolutionConfigurationPlatforms) = preSolution
		Debug|Any CPU = Debug|Any CPU
		Release|Any CPU = Release|Any CPU
	EndGlobalSection
	GlobalSection(ProjectConfigurationPlatforms) = postSolution
		{3407B28A-0028-4A05-9428-925783F1CCF6}.Debug|Any CPU.ActiveCfg = Debug|Any CPU
		{3407B28A-0028-4A05-9428-925783F1CCF6}.Debug|Any CPU.Build.0 = Debug|Any CPU
		{3407B28A-0028-4A05-9428-925783F1CCF6}.Release|Any CPU.ActiveCfg = Release|Any CPU
		{3407B28A-0028-4A05-9428-925783F1CCF6}.Release|Any CPU.Build.0 = Release|Any CPU
	EndGlobalSection
	GlobalSection(SolutionProperties) = preSolution
		HideSolutionNode = FALSE
	EndGlobalSection
	GlobalSection(ExtensibilityGlobals) = postSolution
		SolutionGuid = {68099208-E593-4EF2-9544-AF1BB2556C71}
	EndGlobalSection
EndGlobal
